
Microsoft Visual Studio Solution File, Format Version 12.00
# Visual Studio Version 17
VisualStudioVersion = 17.2.32616.157
MinimumVisualStudioVersion = 10.0.40219.1
Project("{FAE04EC0-301F-11D3-BF4B-00C04F79EFBC}") = "Exercitii_laborator_13", "Exercitii_laborator_13\Exercitii_laborator_13.csproj", "{0A72C5AC-3845-4491-AB2D-C5A380436FFD}"
EndProject
Global
	GlobalSection(SolutionConfigurationPlatforms) = preSolution
		Debug|Any CPU = Debug|Any CPU
		Release|Any CPU = Release|Any CPU
	EndGlobalSection
	GlobalSection(ProjectConfigurationPlatforms) = postSolution
		{0A72C5AC-3845-4491-AB2D-C5A380436FFD}.Debug|Any CPU.ActiveCfg = Debug|Any CPU
		{0A72C5AC-3845-4491-AB2D-C5A380436FFD}.Debug|Any CPU.Build.0 = Debug|Any CPU
		{0A72C5AC-3845-4491-AB2D-C5A380436FFD}.Release|Any CPU.ActiveCfg = Release|Any CPU
		{0A72C5AC-3845-4491-AB2D-C5A380436FFD}.Release|Any CPU.Build.0 = Release|Any CPU
	EndGlobalSection
	GlobalSection(SolutionProperties) = preSolution
		HideSolutionNode = FALSE
	EndGlobalSection
	GlobalSection(ExtensibilityGlobals) = postSolution
		SolutionGuid = {6F32F4EF-C64C-49B6-A0D4-221345264917}
	EndGlobalSection
EndGlobal
